
Microsoft Visual Studio Solution File, Format Version 12.00
# Visual Studio Version 17
VisualStudioVersion = 17.14.36221.1
MinimumVisualStudioVersion = 10.0.40219.1
Project("{FAE04EC0-301F-11D3-BF4B-00C04F79EFBC}") = "ResumeProject", "ResumeProject\ResumeProject.csproj", "{6204BF8E-9E47-4E9D-9311-A47E98BCA299}"
EndProject
Project("{2150E333-8FDC-42A3-9474-1A3956D46DE8}") = "Solution Items", "Solution Items", "{8EC462FD-D22E-90A8-E5CE-7E832BA40C5D}"
	ProjectSection(SolutionItems) = preProject
		README.md = README.md
	EndProjectSection
EndProject
Global
	GlobalSection(SolutionConfigurationPlatforms) = preSolution
		Debug|Any CPU = Debug|Any CPU
		Release|Any CPU = Release|Any CPU
	EndGlobalSection
	GlobalSection(ProjectConfigurationPlatforms) = postSolution
		{6204BF8E-9E47-4E9D-9311-A47E98BCA299}.Debug|Any CPU.ActiveCfg = Debug|Any CPU
		{6204BF8E-9E47-4E9D-9311-A47E98BCA299}.Debug|Any CPU.Build.0 = Debug|Any CPU
		{6204BF8E-9E47-4E9D-9311-A47E98BCA299}.Release|Any CPU.ActiveCfg = Release|Any CPU
		{6204BF8E-9E47-4E9D-9311-A47E98BCA299}.Release|Any CPU.Build.0 = Release|Any CPU
	EndGlobalSection
	GlobalSection(SolutionProperties) = preSolution
		HideSolutionNode = FALSE
	EndGlobalSection
	GlobalSection(ExtensibilityGlobals) = postSolution
		SolutionGuid = {43B7A98A-347C-446B-86C3-3FBC77E7E0ED}
	EndGlobalSection
EndGlobal
